// !$*UTF8*$!
{
	archiveVersion = 1;
	classes = {
	};
	objectVersion = 56;
	objects = {

/* Begin PBXBuildFile section */
		09338F4E292569F6009A4114 /* DogGramApp.swift in Sources */ = {isa = PBXBuildFile; fileRef = 09338F4D292569F6009A4114 /* DogGramApp.swift */; };
		09338F50292569F6009A4114 /* ContentView.swift in Sources */ = {isa = PBXBuildFile; fileRef = 09338F4F292569F6009A4114 /* ContentView.swift */; };
		09338F52292569F7009A4114 /* Assets.xcassets in Resources */ = {isa = PBXBuildFile; fileRef = 09338F51292569F7009A4114 /* Assets.xcassets */; };
		09338F55292569F7009A4114 /* Preview Assets.xcassets in Resources */ = {isa = PBXBuildFile; fileRef = 09338F54292569F7009A4114 /* Preview Assets.xcassets */; };
		09338F5C29256DE8009A4114 /* LaunchScreen.storyboard in Resources */ = {isa = PBXBuildFile; fileRef = 09338F5B29256DE8009A4114 /* LaunchScreen.storyboard */; };
		09338F62292575D6009A4114 /* Extensions.swift in Sources */ = {isa = PBXBuildFile; fileRef = 09338F61292575D6009A4114 /* Extensions.swift */; };
		09BCEACB292649A400F9BFD9 /* FeedView.swift in Sources */ = {isa = PBXBuildFile; fileRef = 09BCEACA292649A400F9BFD9 /* FeedView.swift */; };
		09BCEACD29264A1800F9BFD9 /* PostView.swift in Sources */ = {isa = PBXBuildFile; fileRef = 09BCEACC29264A1800F9BFD9 /* PostView.swift */; };
		09BCEAD029264E1C00F9BFD9 /* PostModel.swift in Sources */ = {isa = PBXBuildFile; fileRef = 09BCEACF29264E1C00F9BFD9 /* PostModel.swift */; };
		09BCEAD22926500600F9BFD9 /* PostArrayObject.swift in Sources */ = {isa = PBXBuildFile; fileRef = 09BCEAD12926500600F9BFD9 /* PostArrayObject.swift */; };
		09BCEAD429265E3700F9BFD9 /* CommentsView.swift in Sources */ = {isa = PBXBuildFile; fileRef = 09BCEAD329265E3700F9BFD9 /* CommentsView.swift */; };
/* End PBXBuildFile section */

/* Begin PBXFileReference section */
		09338F4A292569F6009A4114 /* DogGram.app */ = {isa = PBXFileReference; explicitFileType = wrapper.application; includeInIndex = 0; path = DogGram.app; sourceTree = BUILT_PRODUCTS_DIR; };
		09338F4D292569F6009A4114 /* DogGramApp.swift */ = {isa = PBXFileReference; lastKnownFileType = sourcecode.swift; path = DogGramApp.swift; sourceTree = "<group>"; };
		09338F4F292569F6009A4114 /* ContentView.swift */ = {isa = PBXFileReference; lastKnownFileType = sourcecode.swift; path = ContentView.swift; sourceTree = "<group>"; };
		09338F51292569F7009A4114 /* Assets.xcassets */ = {isa = PBXFileReference; lastKnownFileType = folder.assetcatalog; path = Assets.xcassets; sourceTree = "<group>"; };
		09338F54292569F7009A4114 /* Preview Assets.xcassets */ = {isa = PBXFileReference; lastKnownFileType = folder.assetcatalog; path = "Preview Assets.xcassets"; sourceTree = "<group>"; };
		09338F5B29256DE8009A4114 /* LaunchScreen.storyboard */ = {isa = PBXFileReference; lastKnownFileType = file.storyboard; path = LaunchScreen.storyboard; sourceTree = "<group>"; };
		09338F61292575D6009A4114 /* Extensions.swift */ = {isa = PBXFileReference; lastKnownFileType = sourcecode.swift; path = Extensions.swift; sourceTree = "<group>"; };
		09BCEACA292649A400F9BFD9 /* FeedView.swift */ = {isa = PBXFileReference; lastKnownFileType = sourcecode.swift; path = FeedView.swift; sourceTree = "<group>"; };
		09BCEACC29264A1800F9BFD9 /* PostView.swift */ = {isa = PBXFileReference; lastKnownFileType = sourcecode.swift; path = PostView.swift; sourceTree = "<group>"; };
		09BCEACF29264E1C00F9BFD9 /* PostModel.swift */ = {isa = PBXFileReference; lastKnownFileType = sourcecode.swift; path = PostModel.swift; sourceTree = "<group>"; };
		09BCEAD12926500600F9BFD9 /* PostArrayObject.swift */ = {isa = PBXFileReference; lastKnownFileType = sourcecode.swift; path = PostArrayObject.swift; sourceTree = "<group>"; };
		09BCEAD329265E3700F9BFD9 /* CommentsView.swift */ = {isa = PBXFileReference; lastKnownFileType = sourcecode.swift; path = CommentsView.swift; sourceTree = "<group>"; };
/* End PBXFileReference section */

/* Begin PBXFrameworksBuildPhase section */
		09338F47292569F6009A4114 /* Frameworks */ = {
			isa = PBXFrameworksBuildPhase;
			buildActionMask = 2147483647;
			files = (
			);
			runOnlyForDeploymentPostprocessing = 0;
		};
/* End PBXFrameworksBuildPhase section */

/* Begin PBXGroup section */
		09338F41292569F6009A4114 = {
			isa = PBXGroup;
			children = (
				09338F4C292569F6009A4114 /* DogGram */,
				09338F4B292569F6009A4114 /* Products */,
			);
			sourceTree = "<group>";
		};
		09338F4B292569F6009A4114 /* Products */ = {
			isa = PBXGroup;
			children = (
				09338F4A292569F6009A4114 /* DogGram.app */,
			);
			name = Products;
			sourceTree = "<group>";
		};
		09338F4C292569F6009A4114 /* DogGram */ = {
			isa = PBXGroup;
			children = (
				09338F60292575C7009A4114 /* Helpers */,
				09BCEACE29264E0E00F9BFD9 /* Model */,
				09338F5D29257393009A4114 /* Views */,
				09338F51292569F7009A4114 /* Assets.xcassets */,
				09338F53292569F7009A4114 /* Preview Content */,
				09338F5B29256DE8009A4114 /* LaunchScreen.storyboard */,
			);
			path = DogGram;
			sourceTree = "<group>";
		};
		09338F53292569F7009A4114 /* Preview Content */ = {
			isa = PBXGroup;
			children = (
				09338F54292569F7009A4114 /* Preview Assets.xcassets */,
			);
			path = "Preview Content";
			sourceTree = "<group>";
		};
		09338F5D29257393009A4114 /* Views */ = {
			isa = PBXGroup;
			children = (
				09338F5F292573A4009A4114 /* Subviews */,
				09338F5E2925739D009A4114 /* Screens */,
			);
			path = Views;
			sourceTree = "<group>";
		};
		09338F5E2925739D009A4114 /* Screens */ = {
			isa = PBXGroup;
			children = (
				09338F4D292569F6009A4114 /* DogGramApp.swift */,
				09338F4F292569F6009A4114 /* ContentView.swift */,
				09BCEACA292649A400F9BFD9 /* FeedView.swift */,
				09BCEAD329265E3700F9BFD9 /* CommentsView.swift */,
			);
			path = Screens;
			sourceTree = "<group>";
		};
		09338F5F292573A4009A4114 /* Subviews */ = {
			isa = PBXGroup;
			children = (
				09BCEACC29264A1800F9BFD9 /* PostView.swift */,
			);
			path = Subviews;
			sourceTree = "<group>";
		};
		09338F60292575C7009A4114 /* Helpers */ = {
			isa = PBXGroup;
			children = (
				09338F61292575D6009A4114 /* Extensions.swift */,
			);
			path = Helpers;
			sourceTree = "<group>";
		};
		09BCEACE29264E0E00F9BFD9 /* Model */ = {
			isa = PBXGroup;
			children = (
				09BCEACF29264E1C00F9BFD9 /* PostModel.swift */,
				09BCEAD12926500600F9BFD9 /* PostArrayObject.swift */,
			);
			path = Model;
			sourceTree = "<group>";
		};
/* End PBXGroup section */

/* Begin PBXNativeTarget section */
		09338F49292569F6009A4114 /* DogGram */ = {
			isa = PBXNativeTarget;
			buildConfigurationList = 09338F58292569F7009A4114 /* Build configuration list for PBXNativeTarget "DogGram" */;
			buildPhases = (
				09338F46292569F6009A4114 /* Sources */,
				09338F47292569F6009A4114 /* Frameworks */,
				09338F48292569F6009A4114 /* Resources */,
			);
			buildRules = (
			);
			dependencies = (
			);
			name = DogGram;
			productName = DogGram;
			productReference = 09338F4A292569F6009A4114 /* DogGram.app */;
			productType = "com.apple.product-type.application";
		};
/* End PBXNativeTarget section */

/* Begin PBXProject section */
		09338F42292569F6009A4114 /* Project object */ = {
			isa = PBXProject;
			attributes = {
				BuildIndependentTargetsInParallel = 1;
				LastSwiftUpdateCheck = 1410;
				LastUpgradeCheck = 1410;
				TargetAttributes = {
					09338F49292569F6009A4114 = {
						CreatedOnToolsVersion = 14.1;
					};
				};
			};
			buildConfigurationList = 09338F45292569F6009A4114 /* Build configuration list for PBXProject "DogGram" */;
			compatibilityVersion = "Xcode 14.0";
			developmentRegion = en;
			hasScannedForEncodings = 0;
			knownRegions = (
				en,
				Base,
			);
			mainGroup = 09338F41292569F6009A4114;
			productRefGroup = 09338F4B292569F6009A4114 /* Products */;
			projectDirPath = "";
			projectRoot = "";
			targets = (
				09338F49292569F6009A4114 /* DogGram */,
			);
		};
/* End PBXProject section */

/* Begin PBXResourcesBuildPhase section */
		09338F48292569F6009A4114 /* Resources */ = {
			isa = PBXResourcesBuildPhase;
			buildActionMask = 2147483647;
			files = (
				09338F5C29256DE8009A4114 /* LaunchScreen.storyboard in Resources */,
				09338F55292569F7009A4114 /* Preview Assets.xcassets in Resources */,
				09338F52292569F7009A4114 /* Assets.xcassets in Resources */,
			);
			runOnlyForDeploymentPostprocessing = 0;
		};
/* End PBXResourcesBuildPhase section */

/* Begin PBXSourcesBuildPhase section */
		09338F46292569F6009A4114 /* Sources */ = {
			isa = PBXSourcesBuildPhase;
			buildActionMask = 2147483647;
			files = (
				09BCEACB292649A400F9BFD9 /* FeedView.swift in Sources */,
				09BCEAD029264E1C00F9BFD9 /* PostModel.swift in Sources */,
				09338F50292569F6009A4114 /* ContentView.swift in Sources */,
				09338F62292575D6009A4114 /* Extensions.swift in Sources */,
				09BCEAD22926500600F9BFD9 /* PostArrayObject.swift in Sources */,
				09BCEACD29264A1800F9BFD9 /* PostView.swift in Sources */,
				09BCEAD429265E3700F9BFD9 /* CommentsView.swift in Sources */,
				09338F4E292569F6009A4114 /* DogGramApp.swift in Sources */,
			);
			runOnlyForDeploymentPostprocessing = 0;
		};
/* End PBXSourcesBuildPhase section */

/* Begin XCBuildConfiguration section */
		09338F56292569F7009A4114 /* Debug */ = {
			isa = XCBuildConfiguration;
			buildSettings = {
				ALWAYS_SEARCH_USER_PATHS = NO;
				CLANG_ANALYZER_NONNULL = YES;
				CLANG_ANALYZER_NUMBER_OBJECT_CONVERSION = YES_AGGRESSIVE;
				CLANG_CXX_LANGUAGE_STANDARD = "gnu++20";
				CLANG_ENABLE_MODULES = YES;
				CLANG_ENABLE_OBJC_ARC = YES;
				CLANG_ENABLE_OBJC_WEAK = YES;
				CLANG_WARN_BLOCK_CAPTURE_AUTORELEASING = YES;
				CLANG_WARN_BOOL_CONVERSION = YES;
				CLANG_WARN_COMMA = YES;
				CLANG_WARN_CONSTANT_CONVERSION = YES;
				CLANG_WARN_DEPRECATED_OBJC_IMPLEMENTATIONS = YES;
				CLANG_WARN_DIRECT_OBJC_ISA_USAGE = YES_ERROR;
				CLANG_WARN_DOCUMENTATION_COMMENTS = YES;
				CLANG_WARN_EMPTY_BODY = YES;
				CLANG_WARN_ENUM_CONVERSION = YES;
				CLANG_WARN_INFINITE_RECURSION = YES;
				CLANG_WARN_INT_CONVERSION = YES;
				CLANG_WARN_NON_LITERAL_NULL_CONVERSION = YES;
				CLANG_WARN_OBJC_IMPLICIT_RETAIN_SELF = YES;
				CLANG_WARN_OBJC_LITERAL_CONVERSION = YES;
				CLANG_WARN_OBJC_ROOT_CLASS = YES_ERROR;
				CLANG_WARN_QUOTED_INCLUDE_IN_FRAMEWORK_HEADER = YES;
				CLANG_WARN_RANGE_LOOP_ANALYSIS = YES;
				CLANG_WARN_STRICT_PROTOTYPES = YES;
				CLANG_WARN_SUSPICIOUS_MOVE = YES;
				CLANG_WARN_UNGUARDED_AVAILABILITY = YES_AGGRESSIVE;
				CLANG_WARN_UNREACHABLE_CODE = YES;
				CLANG_WARN__DUPLICATE_METHOD_MATCH = YES;
				COPY_PHASE_STRIP = NO;
				DEBUG_INFORMATION_FORMAT = dwarf;
				ENABLE_STRICT_OBJC_MSGSEND = YES;
				ENABLE_TESTABILITY = YES;
				GCC_C_LANGUAGE_STANDARD = gnu11;
				GCC_DYNAMIC_NO_PIC = NO;
				GCC_NO_COMMON_BLOCKS = YES;
				GCC_OPTIMIZATION_LEVEL = 0;
				GCC_PREPROCESSOR_DEFINITIONS = (
					"DEBUG=1",
					"$(inherited)",
				);
				GCC_WARN_64_TO_32_BIT_CONVERSION = YES;
				GCC_WARN_ABOUT_RETURN_TYPE = YES_ERROR;
				GCC_WARN_UNDECLARED_SELECTOR = YES;
				GCC_WARN_UNINITIALIZED_AUTOS = YES_AGGRESSIVE;
				GCC_WARN_UNUSED_FUNCTION = YES;
				GCC_WARN_UNUSED_VARIABLE = YES;
				IPHONEOS_DEPLOYMENT_TARGET = 16.1;
				MTL_ENABLE_DEBUG_INFO = INCLUDE_SOURCE;
				MTL_FAST_MATH = YES;
				ONLY_ACTIVE_ARCH = YES;
				SDKROOT = iphoneos;
				SWIFT_ACTIVE_COMPILATION_CONDITIONS = DEBUG;
				SWIFT_OPTIMIZATION_LEVEL = "-Onone";
			};
			name = Debug;
		};
		09338F57292569F7009A4114 /* Release */ = {
			isa = XCBuildConfiguration;
			buildSettings = {
				ALWAYS_SEARCH_USER_PATHS = NO;
				CLANG_ANALYZER_NONNULL = YES;
				CLANG_ANALYZER_NUMBER_OBJECT_CONVERSION = YES_AGGRESSIVE;
				CLANG_CXX_LANGUAGE_STANDARD = "gnu++20";
				CLANG_ENABLE_MODULES = YES;
				CLANG_ENABLE_OBJC_ARC = YES;
				CLANG_ENABLE_OBJC_WEAK = YES;
				CLANG_WARN_BLOCK_CAPTURE_AUTORELEASING = YES;
				CLANG_WARN_BOOL_CONVERSION = YES;
				CLANG_WARN_COMMA = YES;
				CLANG_WARN_CONSTANT_CONVERSION = YES;
				CLANG_WARN_DEPRECATED_OBJC_IMPLEMENTATIONS = YES;
				CLANG_WARN_DIRECT_OBJC_ISA_USAGE = YES_ERROR;
				CLANG_WARN_DOCUMENTATION_COMMENTS = YES;
				CLANG_WARN_EMPTY_BODY = YES;
				CLANG_WARN_ENUM_CONVERSION = YES;
				CLANG_WARN_INFINITE_RECURSION = YES;
				CLANG_WARN_INT_CONVERSION = YES;
				CLANG_WARN_NON_LITERAL_NULL_CONVERSION = YES;
				CLANG_WARN_OBJC_IMPLICIT_RETAIN_SELF = YES;
				CLANG_WARN_OBJC_LITERAL_CONVERSION = YES;
				CLANG_WARN_OBJC_ROOT_CLASS = YES_ERROR;
				CLANG_WARN_QUOTED_INCLUDE_IN_FRAMEWORK_HEADER = YES;
				CLANG_WARN_RANGE_LOOP_ANALYSIS = YES;
				CLANG_WARN_STRICT_PROTOTYPES = YES;
				CLANG_WARN_SUSPICIOUS_MOVE = YES;
				CLANG_WARN_UNGUARDED_AVAILABILITY = YES_AGGRESSIVE;
				CLANG_WARN_UNREACHABLE_CODE = YES;
				CLANG_WARN__DUPLICATE_METHOD_MATCH = YES;
				COPY_PHASE_STRIP = NO;
				DEBUG_INFORMATION_FORMAT = "dwarf-with-dsym";
				ENABLE_NS_ASSERTIONS = NO;
				ENABLE_STRICT_OBJC_MSGSEND = YES;
				GCC_C_LANGUAGE_STANDARD = gnu11;
				GCC_NO_COMMON_BLOCKS = YES;
				GCC_WARN_64_TO_32_BIT_CONVERSION = YES;
				GCC_WARN_ABOUT_RETURN_TYPE = YES_ERROR;
				GCC_WARN_UNDECLARED_SELECTOR = YES;
				GCC_WARN_UNINITIALIZED_AUTOS = YES_AGGRESSIVE;
				GCC_WARN_UNUSED_FUNCTION = YES;
				GCC_WARN_UNUSED_VARIABLE = YES;
				IPHONEOS_DEPLOYMENT_TARGET = 16.1;
				MTL_ENABLE_DEBUG_INFO = NO;
				MTL_FAST_MATH = YES;
				SDKROOT = iphoneos;
				SWIFT_COMPILATION_MODE = wholemodule;
				SWIFT_OPTIMIZATION_LEVEL = "-O";
				VALIDATE_PRODUCT = YES;
			};
			name = Release;
		};
		09338F59292569F7009A4114 /* Debug */ = {
			isa = XCBuildConfiguration;
			buildSettings = {
				ASSETCATALOG_COMPILER_APPICON_NAME = AppIcon;
				ASSETCATALOG_COMPILER_GLOBAL_ACCENT_COLOR_NAME = AccentColor;
				CODE_SIGN_STYLE = Automatic;
				CURRENT_PROJECT_VERSION = 1;
				DEVELOPMENT_ASSET_PATHS = "\"DogGram/Preview Content\"";
				DEVELOPMENT_TEAM = 878Q47ZQ84;
				ENABLE_PREVIEWS = YES;
				GENERATE_INFOPLIST_FILE = YES;
				INFOPLIST_KEY_UIApplicationSceneManifest_Generation = YES;
				INFOPLIST_KEY_UIApplicationSupportsIndirectInputEvents = YES;
				INFOPLIST_KEY_UILaunchScreen_Generation = YES;
				INFOPLIST_KEY_UILaunchStoryboardName = LaunchScreen.storyboard;
				INFOPLIST_KEY_UISupportedInterfaceOrientations = UIInterfaceOrientationPortrait;
				INFOPLIST_KEY_UISupportedInterfaceOrientations_iPad = "UIInterfaceOrientationLandscapeLeft UIInterfaceOrientationLandscapeRight UIInterfaceOrientationPortrait UIInterfaceOrientationPortraitUpsideDown";
				IPHONEOS_DEPLOYMENT_TARGET = 16.0;
				LD_RUNPATH_SEARCH_PATHS = (
					"$(inherited)",
					"@executable_path/Frameworks",
				);
				MARKETING_VERSION = 1.0;
				PRODUCT_BUNDLE_IDENTIFIER = com.robertbasamac.DogGram;
				PRODUCT_NAME = "$(TARGET_NAME)";
				SUPPORTED_PLATFORMS = "iphoneos iphonesimulator";
				SUPPORTS_MACCATALYST = NO;
				SUPPORTS_MAC_DESIGNED_FOR_IPHONE_IPAD = NO;
				SWIFT_EMIT_LOC_STRINGS = YES;
				SWIFT_VERSION = 5.0;
				TARGETED_DEVICE_FAMILY = 1;
			};
			name = Debug;
		};
		09338F5A292569F7009A4114 /* Release */ = {
			isa = XCBuildConfiguration;
			buildSettings = {
				ASSETCATALOG_COMPILER_APPICON_NAME = AppIcon;
				ASSETCATALOG_COMPILER_GLOBAL_ACCENT_COLOR_NAME = AccentColor;
				CODE_SIGN_STYLE = Automatic;
				CURRENT_PROJECT_VERSION = 1;
				DEVELOPMENT_ASSET_PATHS = "\"DogGram/Preview Content\"";
				DEVELOPMENT_TEAM = 878Q47ZQ84;
				ENABLE_PREVIEWS = YES;
				GENERATE_INFOPLIST_FILE = YES;
				INFOPLIST_KEY_UIApplicationSceneManifest_Generation = YES;
				INFOPLIST_KEY_UIApplicationSupportsIndirectInputEvents = YES;
				INFOPLIST_KEY_UILaunchScreen_Generation = YES;
				INFOPLIST_KEY_UILaunchStoryboardName = LaunchScreen.storyboard;
				INFOPLIST_KEY_UISupportedInterfaceOrientations = UIInterfaceOrientationPortrait;
				INFOPLIST_KEY_UISupportedInterfaceOrientations_iPad = "UIInterfaceOrientationLandscapeLeft UIInterfaceOrientationLandscapeRight UIInterfaceOrientationPortrait UIInterfaceOrientationPortraitUpsideDown";
				IPHONEOS_DEPLOYMENT_TARGET = 16.0;
				LD_RUNPATH_SEARCH_PATHS = (
					"$(inherited)",
					"@executable_path/Frameworks",
				);
				MARKETING_VERSION = 1.0;
				PRODUCT_BUNDLE_IDENTIFIER = com.robertbasamac.DogGram;
				PRODUCT_NAME = "$(TARGET_NAME)";
				SUPPORTED_PLATFORMS = "iphoneos iphonesimulator";
				SUPPORTS_MACCATALYST = NO;
				SUPPORTS_MAC_DESIGNED_FOR_IPHONE_IPAD = NO;
				SWIFT_EMIT_LOC_STRINGS = YES;
				SWIFT_VERSION = 5.0;
				TARGETED_DEVICE_FAMILY = 1;
			};
			name = Release;
		};
/* End XCBuildConfiguration section */

/* Begin XCConfigurationList section */
		09338F45292569F6009A4114 /* Build configuration list for PBXProject "DogGram" */ = {
			isa = XCConfigurationList;
			buildConfigurations = (
				09338F56292569F7009A4114 /* Debug */,
				09338F57292569F7009A4114 /* Release */,
			);
			defaultConfigurationIsVisible = 0;
			defaultConfigurationName = Release;
		};
		09338F58292569F7009A4114 /* Build configuration list for PBXNativeTarget "DogGram" */ = {
			isa = XCConfigurationList;
			buildConfigurations = (
				09338F59292569F7009A4114 /* Debug */,
				09338F5A292569F7009A4114 /* Release */,
			);
			defaultConfigurationIsVisible = 0;
			defaultConfigurationName = Release;
		};
/* End XCConfigurationList section */
	};
	rootObject = 09338F42292569F6009A4114 /* Project object */;
}
